
Microsoft Visual Studio Solution File, Format Version 12.00
# Visual Studio Version 17
VisualStudioVersion = 17.8.34511.84
MinimumVisualStudioVersion = 10.0.40219.1
Project("{9A19103F-16F7-4668-BE54-9A1E7A4F7556}") = "CityCenter", "CityCenter\CityCenter.csproj", "{E3E531A2-D68F-4660-AE90-C30C35FDEA8A}"
EndProject
Global
	GlobalSection(SolutionConfigurationPlatforms) = preSolution
		Debug|Any CPU = Debug|Any CPU
		Release|Any CPU = Release|Any CPU
	EndGlobalSection
	GlobalSection(ProjectConfigurationPlatforms) = postSolution
		{E3E531A2-D68F-4660-AE90-C30C35FDEA8A}.Debug|Any CPU.ActiveCfg = Debug|Any CPU
		{E3E531A2-D68F-4660-AE90-C30C35FDEA8A}.Debug|Any CPU.Build.0 = Debug|Any CPU
		{E3E531A2-D68F-4660-AE90-C30C35FDEA8A}.Release|Any CPU.ActiveCfg = Release|Any CPU
		{E3E531A2-D68F-4660-AE90-C30C35FDEA8A}.Release|Any CPU.Build.0 = Release|Any CPU
	EndGlobalSection
	GlobalSection(SolutionProperties) = preSolution
		HideSolutionNode = FALSE
	EndGlobalSection
	GlobalSection(ExtensibilityGlobals) = postSolution
		SolutionGuid = {662596C1-13AD-403B-B9EC-05C61BBD9796}
	EndGlobalSection
EndGlobal
